// !$*UTF8*$!
{
	archiveVersion = 1;
	classes = {
	};
	objectVersion = 55;
	objects = {

/* Begin PBXFileReference section */
		CC1EDA92278CAA6D00FE9F47 /* 03. Basic Control Flow.playground */ = {isa = PBXFileReference; lastKnownFileType = file.playground; path = "03. Basic Control Flow.playground"; sourceTree = "<group>"; xcLanguageSpecificationIdentifier = xcode.lang.swift; };
		CC24BA63278B1AB300AB20F4 /* 02. Types & Operations.playground */ = {isa = PBXFileReference; lastKnownFileType = file.playground; path = "02. Types & Operations.playground"; sourceTree = "<group>"; xcLanguageSpecificationIdentifier = xcode.lang.swift; };
		CC30CFC327B14D1400E0B4DD /* 12. Methods.playground */ = {isa = PBXFileReference; lastKnownFileType = file.playground; path = "12. Methods.playground"; sourceTree = "<group>"; xcLanguageSpecificationIdentifier = xcode.lang.swift; };
		CC3165DA2795547000E9B56B /* 05. Functions.playground */ = {isa = PBXFileReference; lastKnownFileType = file.playground; path = "05. Functions.playground"; sourceTree = "<group>"; xcLanguageSpecificationIdentifier = xcode.lang.swift; };
		CC4168F52791AE900041D65B /* 04. Advanced Control Flow.playground */ = {isa = PBXFileReference; lastKnownFileType = file.playground; path = "04. Advanced Control Flow.playground"; sourceTree = "<group>"; xcLanguageSpecificationIdentifier = xcode.lang.swift; };
		CC67BEB6279872630006AB12 /* 07. Arrays, Dictionaries & Sets.playground */ = {isa = PBXFileReference; lastKnownFileType = file.playground; path = "07. Arrays, Dictionaries & Sets.playground"; sourceTree = "<group>"; xcLanguageSpecificationIdentifier = xcode.lang.swift; };
		CC704B5127B28B4400A2C0D0 /* 13. Classes.playground */ = {isa = PBXFileReference; lastKnownFileType = file.playground; path = "13. Classes.playground"; sourceTree = "<group>"; xcLanguageSpecificationIdentifier = xcode.lang.swift; };
		CC76AFFD27A1457E000D9259 /* 09. String.playground */ = {isa = PBXFileReference; lastKnownFileType = file.playground; path = "09. String.playground"; sourceTree = "<group>"; xcLanguageSpecificationIdentifier = xcode.lang.swift; };
		CC81B82027B952E0005A4E20 /* 16. Protocols.playground */ = {isa = PBXFileReference; lastKnownFileType = file.playground; path = "16. Protocols.playground"; sourceTree = "<group>"; xcLanguageSpecificationIdentifier = xcode.lang.swift; };
		CC8695F2279EBFA000C21E9A /* 08. Collection Iteration With Closures.playground */ = {isa = PBXFileReference; lastKnownFileType = file.playground; path = "08. Collection Iteration With Closures.playground"; sourceTree = "<group>"; xcLanguageSpecificationIdentifier = xcode.lang.swift; };
		CCC5CD6E27A94D9B0037F8E0 /* 10. Structures.playground */ = {isa = PBXFileReference; lastKnownFileType = file.playground; path = "10. Structures.playground"; sourceTree = "<group>"; xcLanguageSpecificationIdentifier = xcode.lang.swift; };
		CCC9502D27AC508A00D96FE9 /* 11. Properties.playground */ = {isa = PBXFileReference; lastKnownFileType = file.playground; path = "11. Properties.playground"; sourceTree = "<group>"; xcLanguageSpecificationIdentifier = xcode.lang.swift; };
		CCCD949327B5418D004F0E27 /* 14. Advanced Classes.playground */ = {isa = PBXFileReference; lastKnownFileType = file.playground; path = "14. Advanced Classes.playground"; sourceTree = "<group>"; xcLanguageSpecificationIdentifier = xcode.lang.swift; };
		CCCE26EC27B6862B001F251B /* 15. Enumerations.playground */ = {isa = PBXFileReference; lastKnownFileType = file.playground; path = "15. Enumerations.playground"; sourceTree = "<group>"; xcLanguageSpecificationIdentifier = xcode.lang.swift; };
		CCD043A427A2FBCC004D82B9 /* Test (Bonus).playground */ = {isa = PBXFileReference; lastKnownFileType = file.playground; path = "Test (Bonus).playground"; sourceTree = "<group>"; xcLanguageSpecificationIdentifier = xcode.lang.swift; };
		CCDAB3422785FEBD00965F2C /* 01. Expressions, Variables & Constants.playground */ = {isa = PBXFileReference; lastKnownFileType = file.playground; path = "01. Expressions, Variables & Constants.playground"; sourceTree = "<group>"; xcLanguageSpecificationIdentifier = xcode.lang.swift; };
		CCEA0F402796CBE000253C98 /* 06. Optionals.playground */ = {isa = PBXFileReference; lastKnownFileType = file.playground; path = "06. Optionals.playground"; sourceTree = "<group>"; xcLanguageSpecificationIdentifier = xcode.lang.swift; };
/* End PBXFileReference section */

/* Begin PBXGroup section */
		CCDAB33B2785FE9400965F2C = {
			isa = PBXGroup;
			children = (
				CCDAB3422785FEBD00965F2C /* 01. Expressions, Variables & Constants.playground */,
				CC24BA63278B1AB300AB20F4 /* 02. Types & Operations.playground */,
				CC1EDA92278CAA6D00FE9F47 /* 03. Basic Control Flow.playground */,
				CC4168F52791AE900041D65B /* 04. Advanced Control Flow.playground */,
				CC3165DA2795547000E9B56B /* 05. Functions.playground */,
				CCEA0F402796CBE000253C98 /* 06. Optionals.playground */,
				CC67BEB6279872630006AB12 /* 07. Arrays, Dictionaries & Sets.playground */,
				CC8695F2279EBFA000C21E9A /* 08. Collection Iteration With Closures.playground */,
				CC76AFFD27A1457E000D9259 /* 09. String.playground */,
				CCC5CD6E27A94D9B0037F8E0 /* 10. Structures.playground */,
				CCC9502D27AC508A00D96FE9 /* 11. Properties.playground */,
				CC30CFC327B14D1400E0B4DD /* 12. Methods.playground */,
				CC704B5127B28B4400A2C0D0 /* 13. Classes.playground */,
				CCCD949327B5418D004F0E27 /* 14. Advanced Classes.playground */,
				CCCE26EC27B6862B001F251B /* 15. Enumerations.playground */,
				CC81B82027B952E0005A4E20 /* 16. Protocols.playground */,
				CCD043A427A2FBCC004D82B9 /* Test (Bonus).playground */,
			);
			sourceTree = "<group>";
		};
/* End PBXGroup section */

/* Begin PBXProject section */
		CCDAB33C2785FE9400965F2C /* Project object */ = {
			isa = PBXProject;
			attributes = {
				BuildIndependentTargetsInParallel = 1;
				LastUpgradeCheck = 1320;
			};
			buildConfigurationList = CCDAB33F2785FE9400965F2C /* Build configuration list for PBXProject "SwiftElementary" */;
			compatibilityVersion = "Xcode 13.0";
			developmentRegion = en;
			hasScannedForEncodings = 0;
			knownRegions = (
				en,
				Base,
			);
			mainGroup = CCDAB33B2785FE9400965F2C;
			projectDirPath = "";
			projectRoot = "";
			targets = (
			);
		};
/* End PBXProject section */

/* Begin XCBuildConfiguration section */
		CCDAB3402785FE9400965F2C /* Debug */ = {
			isa = XCBuildConfiguration;
			buildSettings = {
			};
			name = Debug;
		};
		CCDAB3412785FE9400965F2C /* Release */ = {
			isa = XCBuildConfiguration;
			buildSettings = {
			};
			name = Release;
		};
/* End XCBuildConfiguration section */

/* Begin XCConfigurationList section */
		CCDAB33F2785FE9400965F2C /* Build configuration list for PBXProject "SwiftElementary" */ = {
			isa = XCConfigurationList;
			buildConfigurations = (
				CCDAB3402785FE9400965F2C /* Debug */,
				CCDAB3412785FE9400965F2C /* Release */,
			);
			defaultConfigurationIsVisible = 0;
			defaultConfigurationName = Release;
		};
/* End XCConfigurationList section */
	};
	rootObject = CCDAB33C2785FE9400965F2C /* Project object */;
}
